
Microsoft Visual Studio Solution File, Format Version 12.00
# Visual Studio 2012
Project("{FAE04EC0-301F-11D3-BF4B-00C04F79EFBC}") = "DemoPushNotifications", "DemoPushNotifications\DemoPushNotifications.csproj", "{F7502091-3443-4F7A-94F8-FD8B91ABF794}"
EndProject
Project("{FAE04EC0-301F-11D3-BF4B-00C04F79EFBC}") = "DemoPushNotifications.iOS", "iOS\DemoPushNotifications.iOS.csproj", "{8CA338A4-CED7-4CF0-9858-8279142FFD72}"
EndProject
Project("{FAE04EC0-301F-11D3-BF4B-00C04F79EFBC}") = "DemoPushNotifications.Droid", "Droid\DemoPushNotifications.Droid.csproj", "{721ECC5C-62D0-4275-B53A-B926A7B6BD8F}"
EndProject
Global
	GlobalSection(SolutionConfigurationPlatforms) = preSolution
		Debug|Any CPU = Debug|Any CPU
		Release|Any CPU = Release|Any CPU
		Debug|iPhoneSimulator = Debug|iPhoneSimulator
		Release|iPhone = Release|iPhone
		Release|iPhoneSimulator = Release|iPhoneSimulator
		Debug|iPhone = Debug|iPhone
	EndGlobalSection
	GlobalSection(ProjectConfigurationPlatforms) = postSolution
		{F7502091-3443-4F7A-94F8-FD8B91ABF794}.Debug|Any CPU.ActiveCfg = Debug|Any CPU
		{F7502091-3443-4F7A-94F8-FD8B91ABF794}.Debug|Any CPU.Build.0 = Debug|Any CPU
		{F7502091-3443-4F7A-94F8-FD8B91ABF794}.Release|Any CPU.ActiveCfg = Release|Any CPU
		{F7502091-3443-4F7A-94F8-FD8B91ABF794}.Release|Any CPU.Build.0 = Release|Any CPU
		{F7502091-3443-4F7A-94F8-FD8B91ABF794}.Debug|iPhoneSimulator.ActiveCfg = Debug|Any CPU
		{F7502091-3443-4F7A-94F8-FD8B91ABF794}.Debug|iPhoneSimulator.Build.0 = Debug|Any CPU
		{F7502091-3443-4F7A-94F8-FD8B91ABF794}.Release|iPhone.ActiveCfg = Release|Any CPU
		{F7502091-3443-4F7A-94F8-FD8B91ABF794}.Release|iPhone.Build.0 = Release|Any CPU
		{F7502091-3443-4F7A-94F8-FD8B91ABF794}.Release|iPhoneSimulator.ActiveCfg = Release|Any CPU
		{F7502091-3443-4F7A-94F8-FD8B91ABF794}.Release|iPhoneSimulator.Build.0 = Release|Any CPU
		{F7502091-3443-4F7A-94F8-FD8B91ABF794}.Debug|iPhone.ActiveCfg = Debug|Any CPU
		{F7502091-3443-4F7A-94F8-FD8B91ABF794}.Debug|iPhone.Build.0 = Debug|Any CPU
		{8CA338A4-CED7-4CF0-9858-8279142FFD72}.Debug|Any CPU.ActiveCfg = Debug|iPhoneSimulator
		{8CA338A4-CED7-4CF0-9858-8279142FFD72}.Debug|Any CPU.Build.0 = Debug|iPhoneSimulator
		{8CA338A4-CED7-4CF0-9858-8279142FFD72}.Release|Any CPU.ActiveCfg = Release|iPhone
		{8CA338A4-CED7-4CF0-9858-8279142FFD72}.Release|Any CPU.Build.0 = Release|iPhone
		{8CA338A4-CED7-4CF0-9858-8279142FFD72}.Debug|iPhoneSimulator.ActiveCfg = Debug|iPhoneSimulator
		{8CA338A4-CED7-4CF0-9858-8279142FFD72}.Debug|iPhoneSimulator.Build.0 = Debug|iPhoneSimulator
		{8CA338A4-CED7-4CF0-9858-8279142FFD72}.Release|iPhone.ActiveCfg = Release|iPhone
		{8CA338A4-CED7-4CF0-9858-8279142FFD72}.Release|iPhone.Build.0 = Release|iPhone
		{8CA338A4-CED7-4CF0-9858-8279142FFD72}.Release|iPhoneSimulator.ActiveCfg = Release|iPhoneSimulator
		{8CA338A4-CED7-4CF0-9858-8279142FFD72}.Release|iPhoneSimulator.Build.0 = Release|iPhoneSimulator
		{8CA338A4-CED7-4CF0-9858-8279142FFD72}.Debug|iPhone.ActiveCfg = Debug|iPhone
		{8CA338A4-CED7-4CF0-9858-8279142FFD72}.Debug|iPhone.Build.0 = Debug|iPhone
		{721ECC5C-62D0-4275-B53A-B926A7B6BD8F}.Debug|Any CPU.ActiveCfg = Debug|Any CPU
		{721ECC5C-62D0-4275-B53A-B926A7B6BD8F}.Debug|Any CPU.Build.0 = Debug|Any CPU
		{721ECC5C-62D0-4275-B53A-B926A7B6BD8F}.Release|Any CPU.ActiveCfg = Release|Any CPU
		{721ECC5C-62D0-4275-B53A-B926A7B6BD8F}.Release|Any CPU.Build.0 = Release|Any CPU
		{721ECC5C-62D0-4275-B53A-B926A7B6BD8F}.Debug|iPhoneSimulator.ActiveCfg = Debug|Any CPU
		{721ECC5C-62D0-4275-B53A-B926A7B6BD8F}.Debug|iPhoneSimulator.Build.0 = Debug|Any CPU
		{721ECC5C-62D0-4275-B53A-B926A7B6BD8F}.Release|iPhone.ActiveCfg = Release|Any CPU
		{721ECC5C-62D0-4275-B53A-B926A7B6BD8F}.Release|iPhone.Build.0 = Release|Any CPU
		{721ECC5C-62D0-4275-B53A-B926A7B6BD8F}.Release|iPhoneSimulator.ActiveCfg = Release|Any CPU
		{721ECC5C-62D0-4275-B53A-B926A7B6BD8F}.Release|iPhoneSimulator.Build.0 = Release|Any CPU
		{721ECC5C-62D0-4275-B53A-B926A7B6BD8F}.Debug|iPhone.ActiveCfg = Debug|Any CPU
		{721ECC5C-62D0-4275-B53A-B926A7B6BD8F}.Debug|iPhone.Build.0 = Debug|Any CPU
	EndGlobalSection
EndGlobal
